// !$*UTF8*$!
{
	archiveVersion = 1;
	classes = {
	};
	objectVersion = 50;
	objects = {

/* Begin PBXBuildFile section */
		CF1265B0224B1B2700CA3276 /* Extension.swift in Sources */ = {isa = PBXBuildFile; fileRef = CF1265AF224B1B2700CA3276 /* Extension.swift */; };
		CF2D14592282B6AF00D56B90 /* WebKit.framework in Frameworks */ = {isa = PBXBuildFile; fileRef = CF2D14582282B6AF00D56B90 /* WebKit.framework */; };
		CF2D145B22840A7900D56B90 /* FavoritedController.swift in Sources */ = {isa = PBXBuildFile; fileRef = CF2D145A22840A7900D56B90 /* FavoritedController.swift */; };
		CF2D145D22841E1300D56B90 /* GradientView.swift in Sources */ = {isa = PBXBuildFile; fileRef = CF2D145C22841E1300D56B90 /* GradientView.swift */; };
		CF2D145F2286861C00D56B90 /* NotificationName.swift in Sources */ = {isa = PBXBuildFile; fileRef = CF2D145E2286861C00D56B90 /* NotificationName.swift */; };
		CF33635622F858EF0076861E /* NewYorkMagazineAPI.xcdatamodeld in Sources */ = {isa = PBXBuildFile; fileRef = CF33635422F858EF0076861E /* NewYorkMagazineAPI.xcdatamodeld */; };
		CF6DEE7022F08F78003C509E /* PinterestLayout.swift in Sources */ = {isa = PBXBuildFile; fileRef = CF6DEE6F22F08F78003C509E /* PinterestLayout.swift */; };
		CF9DE9732212A384000CCC7D /* SearchResultTableViewCell.swift in Sources */ = {isa = PBXBuildFile; fileRef = CF9DE9722212A384000CCC7D /* SearchResultTableViewCell.swift */; };
		CF9E50BE21F6FE3F00F73BD4 /* AppDelegate.swift in Sources */ = {isa = PBXBuildFile; fileRef = CF9E50BD21F6FE3F00F73BD4 /* AppDelegate.swift */; };
		CF9E50C021F6FE3F00F73BD4 /* HeadlinesViewController.swift in Sources */ = {isa = PBXBuildFile; fileRef = CF9E50BF21F6FE3F00F73BD4 /* HeadlinesViewController.swift */; };
		CF9E50C321F6FE3F00F73BD4 /* Main.storyboard in Resources */ = {isa = PBXBuildFile; fileRef = CF9E50C121F6FE3F00F73BD4 /* Main.storyboard */; };
		CF9E50C521F6FE4C00F73BD4 /* Assets.xcassets in Resources */ = {isa = PBXBuildFile; fileRef = CF9E50C421F6FE4C00F73BD4 /* Assets.xcassets */; };
		CF9E50C821F6FE4C00F73BD4 /* LaunchScreen.storyboard in Resources */ = {isa = PBXBuildFile; fileRef = CF9E50C621F6FE4C00F73BD4 /* LaunchScreen.storyboard */; };
		CF9E50D021F6FEC600F73BD4 /* News.swift in Sources */ = {isa = PBXBuildFile; fileRef = CF9E50CF21F6FEC600F73BD4 /* News.swift */; };
		CF9E50D321F836E800F73BD4 /* HeadlinesViewCell.swift in Sources */ = {isa = PBXBuildFile; fileRef = CF9E50D221F836E800F73BD4 /* HeadlinesViewCell.swift */; };
		CFD5F0C7221E5086002A1D2A /* TopHeadlinesCollectionViewCell.swift in Sources */ = {isa = PBXBuildFile; fileRef = CFD5F0C6221E5086002A1D2A /* TopHeadlinesCollectionViewCell.swift */; };
		CFDAABAD21F9991D00DF8A3C /* SearchBarViewController.swift in Sources */ = {isa = PBXBuildFile; fileRef = CFDAABAC21F9991D00DF8A3C /* SearchBarViewController.swift */; };
		CFDAABAF21FAEC5900DF8A3C /* WebViewController.swift in Sources */ = {isa = PBXBuildFile; fileRef = CFDAABAE21FAEC5900DF8A3C /* WebViewController.swift */; };
		CFDAABBA2202A7D500DF8A3C /* SearchService.swift in Sources */ = {isa = PBXBuildFile; fileRef = CFDAABB92202A7D500DF8A3C /* SearchService.swift */; };
		CFF161C222D5E57B005906A0 /* Comment.swift in Sources */ = {isa = PBXBuildFile; fileRef = CFF161C122D5E57B005906A0 /* Comment.swift */; };
/* End PBXBuildFile section */

/* Begin PBXFileReference section */
		CF1265AF224B1B2700CA3276 /* Extension.swift */ = {isa = PBXFileReference; lastKnownFileType = sourcecode.swift; path = Extension.swift; sourceTree = "<group>"; };
		CF2D14582282B6AF00D56B90 /* WebKit.framework */ = {isa = PBXFileReference; lastKnownFileType = wrapper.framework; name = WebKit.framework; path = System/Library/Frameworks/WebKit.framework; sourceTree = SDKROOT; };
		CF2D145A22840A7900D56B90 /* FavoritedController.swift */ = {isa = PBXFileReference; lastKnownFileType = sourcecode.swift; path = FavoritedController.swift; sourceTree = "<group>"; };
		CF2D145C22841E1300D56B90 /* GradientView.swift */ = {isa = PBXFileReference; lastKnownFileType = sourcecode.swift; path = GradientView.swift; sourceTree = "<group>"; };
		CF2D145E2286861C00D56B90 /* NotificationName.swift */ = {isa = PBXFileReference; lastKnownFileType = sourcecode.swift; path = NotificationName.swift; sourceTree = "<group>"; };
		CF33635522F858EF0076861E /* NewYorkMagazineAPI.xcdatamodel */ = {isa = PBXFileReference; lastKnownFileType = wrapper.xcdatamodel; path = NewYorkMagazineAPI.xcdatamodel; sourceTree = "<group>"; };
		CF6DEE6F22F08F78003C509E /* PinterestLayout.swift */ = {isa = PBXFileReference; lastKnownFileType = sourcecode.swift; path = PinterestLayout.swift; sourceTree = "<group>"; };
		CF9DE9722212A384000CCC7D /* SearchResultTableViewCell.swift */ = {isa = PBXFileReference; lastKnownFileType = sourcecode.swift; path = SearchResultTableViewCell.swift; sourceTree = "<group>"; };
		CF9E50BA21F6FE3F00F73BD4 /* NewYorkMagazineAPI.app */ = {isa = PBXFileReference; explicitFileType = wrapper.application; includeInIndex = 0; path = NewYorkMagazineAPI.app; sourceTree = BUILT_PRODUCTS_DIR; };
		CF9E50BD21F6FE3F00F73BD4 /* AppDelegate.swift */ = {isa = PBXFileReference; lastKnownFileType = sourcecode.swift; path = AppDelegate.swift; sourceTree = "<group>"; };
		CF9E50BF21F6FE3F00F73BD4 /* HeadlinesViewController.swift */ = {isa = PBXFileReference; lastKnownFileType = sourcecode.swift; path = HeadlinesViewController.swift; sourceTree = "<group>"; };
		CF9E50C221F6FE3F00F73BD4 /* Base */ = {isa = PBXFileReference; lastKnownFileType = file.storyboard; name = Base; path = Base.lproj/Main.storyboard; sourceTree = "<group>"; };
		CF9E50C421F6FE4C00F73BD4 /* Assets.xcassets */ = {isa = PBXFileReference; lastKnownFileType = folder.assetcatalog; path = Assets.xcassets; sourceTree = "<group>"; };
		CF9E50C721F6FE4C00F73BD4 /* Base */ = {isa = PBXFileReference; lastKnownFileType = file.storyboard; name = Base; path = Base.lproj/LaunchScreen.storyboard; sourceTree = "<group>"; };
		CF9E50C921F6FE4C00F73BD4 /* Info.plist */ = {isa = PBXFileReference; lastKnownFileType = text.plist.xml; path = Info.plist; sourceTree = "<group>"; };
		CF9E50CF21F6FEC600F73BD4 /* News.swift */ = {isa = PBXFileReference; lastKnownFileType = sourcecode.swift; path = News.swift; sourceTree = "<group>"; };
		CF9E50D221F836E800F73BD4 /* HeadlinesViewCell.swift */ = {isa = PBXFileReference; lastKnownFileType = sourcecode.swift; path = HeadlinesViewCell.swift; sourceTree = "<group>"; };
		CFD5F0C6221E5086002A1D2A /* TopHeadlinesCollectionViewCell.swift */ = {isa = PBXFileReference; lastKnownFileType = sourcecode.swift; path = TopHeadlinesCollectionViewCell.swift; sourceTree = "<group>"; };
		CFDAABAC21F9991D00DF8A3C /* SearchBarViewController.swift */ = {isa = PBXFileReference; lastKnownFileType = sourcecode.swift; path = SearchBarViewController.swift; sourceTree = "<group>"; };
		CFDAABAE21FAEC5900DF8A3C /* WebViewController.swift */ = {isa = PBXFileReference; lastKnownFileType = sourcecode.swift; path = WebViewController.swift; sourceTree = "<group>"; };
		CFDAABB92202A7D500DF8A3C /* SearchService.swift */ = {isa = PBXFileReference; lastKnownFileType = sourcecode.swift; path = SearchService.swift; sourceTree = "<group>"; };
		CFF161C122D5E57B005906A0 /* Comment.swift */ = {isa = PBXFileReference; lastKnownFileType = sourcecode.swift; path = Comment.swift; sourceTree = "<group>"; };
/* End PBXFileReference section */

/* Begin PBXFrameworksBuildPhase section */
		CF9E50B721F6FE3F00F73BD4 /* Frameworks */ = {
			isa = PBXFrameworksBuildPhase;
			buildActionMask = 2147483647;
			files = (
				CF2D14592282B6AF00D56B90 /* WebKit.framework in Frameworks */,
			);
			runOnlyForDeploymentPostprocessing = 0;
		};
/* End PBXFrameworksBuildPhase section */

/* Begin PBXGroup section */
		CF1265B1224B1B3100CA3276 /* Extensions */ = {
			isa = PBXGroup;
			children = (
				CF1265AF224B1B2700CA3276 /* Extension.swift */,
				CF2D145C22841E1300D56B90 /* GradientView.swift */,
				CF2D145E2286861C00D56B90 /* NotificationName.swift */,
			);
			path = Extensions;
			sourceTree = "<group>";
		};
		CF2D14572282B6AE00D56B90 /* Frameworks */ = {
			isa = PBXGroup;
			children = (
				CF2D14582282B6AF00D56B90 /* WebKit.framework */,
			);
			name = Frameworks;
			sourceTree = "<group>";
		};
		CF6DEE6E22F08F3F003C509E /* Layout */ = {
			isa = PBXGroup;
			children = (
				CF6DEE6F22F08F78003C509E /* PinterestLayout.swift */,
			);
			path = Layout;
			sourceTree = "<group>";
		};
		CF9E50B121F6FE3F00F73BD4 = {
			isa = PBXGroup;
			children = (
				CF9E50BC21F6FE3F00F73BD4 /* NewYorkMagazineAPI */,
				CF9E50BB21F6FE3F00F73BD4 /* Products */,
				CF2D14572282B6AE00D56B90 /* Frameworks */,
			);
			sourceTree = "<group>";
		};
		CF9E50BB21F6FE3F00F73BD4 /* Products */ = {
			isa = PBXGroup;
			children = (
				CF9E50BA21F6FE3F00F73BD4 /* NewYorkMagazineAPI.app */,
			);
			name = Products;
			sourceTree = "<group>";
		};
		CF9E50BC21F6FE3F00F73BD4 /* NewYorkMagazineAPI */ = {
			isa = PBXGroup;
			children = (
				CF1265B1224B1B3100CA3276 /* Extensions */,
				CFDAABBB2202A84100DF8A3C /* Controller */,
				CF9E50D121F6FED200F73BD4 /* Model */,
				CF6DEE6E22F08F3F003C509E /* Layout */,
				CF9E50D421F8379E00F73BD4 /* View */,
				CFDAABB82202A71C00DF8A3C /* Networking */,
				CF9E50C421F6FE4C00F73BD4 /* Assets.xcassets */,
				CF9E50BD21F6FE3F00F73BD4 /* AppDelegate.swift */,
				CF9E50C621F6FE4C00F73BD4 /* LaunchScreen.storyboard */,
				CF9E50C921F6FE4C00F73BD4 /* Info.plist */,
			);
			path = NewYorkMagazineAPI;
			sourceTree = "<group>";
		};
		CF9E50D121F6FED200F73BD4 /* Model */ = {
			isa = PBXGroup;
			children = (
				CF9E50CF21F6FEC600F73BD4 /* News.swift */,
				CFF161C122D5E57B005906A0 /* Comment.swift */,
				CF33635422F858EF0076861E /* NewYorkMagazineAPI.xcdatamodeld */,
			);
			name = Model;
			sourceTree = "<group>";
		};
		CF9E50D421F8379E00F73BD4 /* View */ = {
			isa = PBXGroup;
			children = (
				CF9DE9722212A384000CCC7D /* SearchResultTableViewCell.swift */,
				CF9E50D221F836E800F73BD4 /* HeadlinesViewCell.swift */,
				CFD5F0C6221E5086002A1D2A /* TopHeadlinesCollectionViewCell.swift */,
				CF9E50C121F6FE3F00F73BD4 /* Main.storyboard */,
			);
			path = View;
			sourceTree = "<group>";
		};
		CFDAABB82202A71C00DF8A3C /* Networking */ = {
			isa = PBXGroup;
			children = (
				CFDAABB92202A7D500DF8A3C /* SearchService.swift */,
			);
			path = Networking;
			sourceTree = "<group>";
		};
		CFDAABBB2202A84100DF8A3C /* Controller */ = {
			isa = PBXGroup;
			children = (
				CF9E50BF21F6FE3F00F73BD4 /* HeadlinesViewController.swift */,
				CFDAABAC21F9991D00DF8A3C /* SearchBarViewController.swift */,
				CFDAABAE21FAEC5900DF8A3C /* WebViewController.swift */,
				CF2D145A22840A7900D56B90 /* FavoritedController.swift */,
			);
			path = Controller;
			sourceTree = "<group>";
		};
/* End PBXGroup section */

/* Begin PBXNativeTarget section */
		CF9E50B921F6FE3F00F73BD4 /* NewYorkMagazineAPI */ = {
			isa = PBXNativeTarget;
			buildConfigurationList = CF9E50CC21F6FE4C00F73BD4 /* Build configuration list for PBXNativeTarget "NewYorkMagazineAPI" */;
			buildPhases = (
				CF9E50B621F6FE3F00F73BD4 /* Sources */,
				CF9E50B721F6FE3F00F73BD4 /* Frameworks */,
				CF9E50B821F6FE3F00F73BD4 /* Resources */,
			);
			buildRules = (
			);
			dependencies = (
			);
			name = NewYorkMagazineAPI;
			productName = NewYorkMagazineAPI;
			productReference = CF9E50BA21F6FE3F00F73BD4 /* NewYorkMagazineAPI.app */;
			productType = "com.apple.product-type.application";
		};
/* End PBXNativeTarget section */

/* Begin PBXProject section */
		CF9E50B221F6FE3F00F73BD4 /* Project object */ = {
			isa = PBXProject;
			attributes = {
				LastSwiftUpdateCheck = 1010;
				LastUpgradeCheck = 1010;
				ORGANIZATIONNAME = "Sihan Fang";
				TargetAttributes = {
					CF9E50B921F6FE3F00F73BD4 = {
						CreatedOnToolsVersion = 10.1;
						LastSwiftMigration = 1020;
					};
				};
			};
			buildConfigurationList = CF9E50B521F6FE3F00F73BD4 /* Build configuration list for PBXProject "NewYorkMagazineAPI" */;
			compatibilityVersion = "Xcode 9.3";
			developmentRegion = en;
			hasScannedForEncodings = 0;
			knownRegions = (
				en,
				Base,
			);
			mainGroup = CF9E50B121F6FE3F00F73BD4;
			productRefGroup = CF9E50BB21F6FE3F00F73BD4 /* Products */;
			projectDirPath = "";
			projectRoot = "";
			targets = (
				CF9E50B921F6FE3F00F73BD4 /* NewYorkMagazineAPI */,
			);
		};
/* End PBXProject section */

/* Begin PBXResourcesBuildPhase section */
		CF9E50B821F6FE3F00F73BD4 /* Resources */ = {
			isa = PBXResourcesBuildPhase;
			buildActionMask = 2147483647;
			files = (
				CF9E50C821F6FE4C00F73BD4 /* LaunchScreen.storyboard in Resources */,
				CF9E50C521F6FE4C00F73BD4 /* Assets.xcassets in Resources */,
				CF9E50C321F6FE3F00F73BD4 /* Main.storyboard in Resources */,
			);
			runOnlyForDeploymentPostprocessing = 0;
		};
/* End PBXResourcesBuildPhase section */

/* Begin PBXSourcesBuildPhase section */
		CF9E50B621F6FE3F00F73BD4 /* Sources */ = {
			isa = PBXSourcesBuildPhase;
			buildActionMask = 2147483647;
			files = (
				CF9E50D321F836E800F73BD4 /* HeadlinesViewCell.swift in Sources */,
				CFDAABAF21FAEC5900DF8A3C /* WebViewController.swift in Sources */,
				CF6DEE7022F08F78003C509E /* PinterestLayout.swift in Sources */,
				CF2D145D22841E1300D56B90 /* GradientView.swift in Sources */,
				CFF161C222D5E57B005906A0 /* Comment.swift in Sources */,
				CF9DE9732212A384000CCC7D /* SearchResultTableViewCell.swift in Sources */,
				CFDAABAD21F9991D00DF8A3C /* SearchBarViewController.swift in Sources */,
				CFD5F0C7221E5086002A1D2A /* TopHeadlinesCollectionViewCell.swift in Sources */,
				CF1265B0224B1B2700CA3276 /* Extension.swift in Sources */,
				CF9E50D021F6FEC600F73BD4 /* News.swift in Sources */,
				CF2D145B22840A7900D56B90 /* FavoritedController.swift in Sources */,
				CF2D145F2286861C00D56B90 /* NotificationName.swift in Sources */,
				CF33635622F858EF0076861E /* NewYorkMagazineAPI.xcdatamodeld in Sources */,
				CF9E50C021F6FE3F00F73BD4 /* HeadlinesViewController.swift in Sources */,
				CFDAABBA2202A7D500DF8A3C /* SearchService.swift in Sources */,
				CF9E50BE21F6FE3F00F73BD4 /* AppDelegate.swift in Sources */,
			);
			runOnlyForDeploymentPostprocessing = 0;
		};
/* End PBXSourcesBuildPhase section */

/* Begin PBXVariantGroup section */
		CF9E50C121F6FE3F00F73BD4 /* Main.storyboard */ = {
			isa = PBXVariantGroup;
			children = (
				CF9E50C221F6FE3F00F73BD4 /* Base */,
			);
			name = Main.storyboard;
			sourceTree = "<group>";
		};
		CF9E50C621F6FE4C00F73BD4 /* LaunchScreen.storyboard */ = {
			isa = PBXVariantGroup;
			children = (
				CF9E50C721F6FE4C00F73BD4 /* Base */,
			);
			name = LaunchScreen.storyboard;
			sourceTree = "<group>";
		};
/* End PBXVariantGroup section */

/* Begin XCBuildConfiguration section */
		CF9E50CA21F6FE4C00F73BD4 /* Debug */ = {
			isa = XCBuildConfiguration;
			buildSettings = {
				ALWAYS_SEARCH_USER_PATHS = NO;
				CLANG_ANALYZER_NONNULL = YES;
				CLANG_ANALYZER_NUMBER_OBJECT_CONVERSION = YES_AGGRESSIVE;
				CLANG_CXX_LANGUAGE_STANDARD = "gnu++14";
				CLANG_CXX_LIBRARY = "libc++";
				CLANG_ENABLE_MODULES = YES;
				CLANG_ENABLE_OBJC_ARC = YES;
				CLANG_ENABLE_OBJC_WEAK = YES;
				CLANG_WARN_BLOCK_CAPTURE_AUTORELEASING = YES;
				CLANG_WARN_BOOL_CONVERSION = YES;
				CLANG_WARN_COMMA = YES;
				CLANG_WARN_CONSTANT_CONVERSION = YES;
				CLANG_WARN_DEPRECATED_OBJC_IMPLEMENTATIONS = YES;
				CLANG_WARN_DIRECT_OBJC_ISA_USAGE = YES_ERROR;
				CLANG_WARN_DOCUMENTATION_COMMENTS = YES;
				CLANG_WARN_EMPTY_BODY = YES;
				CLANG_WARN_ENUM_CONVERSION = YES;
				CLANG_WARN_INFINITE_RECURSION = YES;
				CLANG_WARN_INT_CONVERSION = YES;
				CLANG_WARN_NON_LITERAL_NULL_CONVERSION = YES;
				CLANG_WARN_OBJC_IMPLICIT_RETAIN_SELF = YES;
				CLANG_WARN_OBJC_LITERAL_CONVERSION = YES;
				CLANG_WARN_OBJC_ROOT_CLASS = YES_ERROR;
				CLANG_WARN_RANGE_LOOP_ANALYSIS = YES;
				CLANG_WARN_STRICT_PROTOTYPES = YES;
				CLANG_WARN_SUSPICIOUS_MOVE = YES;
				CLANG_WARN_UNGUARDED_AVAILABILITY = YES_AGGRESSIVE;
				CLANG_WARN_UNREACHABLE_CODE = YES;
				CLANG_WARN__DUPLICATE_METHOD_MATCH = YES;
				CODE_SIGN_IDENTITY = "iPhone Developer";
				COPY_PHASE_STRIP = NO;
				DEBUG_INFORMATION_FORMAT = dwarf;
				ENABLE_STRICT_OBJC_MSGSEND = YES;
				ENABLE_TESTABILITY = YES;
				GCC_C_LANGUAGE_STANDARD = gnu11;
				GCC_DYNAMIC_NO_PIC = NO;
				GCC_NO_COMMON_BLOCKS = YES;
				GCC_OPTIMIZATION_LEVEL = 0;
				GCC_PREPROCESSOR_DEFINITIONS = (
					"DEBUG=1",
					"$(inherited)",
				);
				GCC_WARN_64_TO_32_BIT_CONVERSION = YES;
				GCC_WARN_ABOUT_RETURN_TYPE = YES_ERROR;
				GCC_WARN_UNDECLARED_SELECTOR = YES;
				GCC_WARN_UNINITIALIZED_AUTOS = YES_AGGRESSIVE;
				GCC_WARN_UNUSED_FUNCTION = YES;
				GCC_WARN_UNUSED_VARIABLE = YES;
				IPHONEOS_DEPLOYMENT_TARGET = 12.1;
				MTL_ENABLE_DEBUG_INFO = INCLUDE_SOURCE;
				MTL_FAST_MATH = YES;
				ONLY_ACTIVE_ARCH = YES;
				SDKROOT = iphoneos;
				SWIFT_ACTIVE_COMPILATION_CONDITIONS = DEBUG;
				SWIFT_OPTIMIZATION_LEVEL = "-Onone";
			};
			name = Debug;
		};
		CF9E50CB21F6FE4C00F73BD4 /* Release */ = {
			isa = XCBuildConfiguration;
			buildSettings = {
				ALWAYS_SEARCH_USER_PATHS = NO;
				CLANG_ANALYZER_NONNULL = YES;
				CLANG_ANALYZER_NUMBER_OBJECT_CONVERSION = YES_AGGRESSIVE;
				CLANG_CXX_LANGUAGE_STANDARD = "gnu++14";
				CLANG_CXX_LIBRARY = "libc++";
				CLANG_ENABLE_MODULES = YES;
				CLANG_ENABLE_OBJC_ARC = YES;
				CLANG_ENABLE_OBJC_WEAK = YES;
				CLANG_WARN_BLOCK_CAPTURE_AUTORELEASING = YES;
				CLANG_WARN_BOOL_CONVERSION = YES;
				CLANG_WARN_COMMA = YES;
				CLANG_WARN_CONSTANT_CONVERSION = YES;
				CLANG_WARN_DEPRECATED_OBJC_IMPLEMENTATIONS = YES;
				CLANG_WARN_DIRECT_OBJC_ISA_USAGE = YES_ERROR;
				CLANG_WARN_DOCUMENTATION_COMMENTS = YES;
				CLANG_WARN_EMPTY_BODY = YES;
				CLANG_WARN_ENUM_CONVERSION = YES;
				CLANG_WARN_INFINITE_RECURSION = YES;
				CLANG_WARN_INT_CONVERSION = YES;
				CLANG_WARN_NON_LITERAL_NULL_CONVERSION = YES;
				CLANG_WARN_OBJC_IMPLICIT_RETAIN_SELF = YES;
				CLANG_WARN_OBJC_LITERAL_CONVERSION = YES;
				CLANG_WARN_OBJC_ROOT_CLASS = YES_ERROR;
				CLANG_WARN_RANGE_LOOP_ANALYSIS = YES;
				CLANG_WARN_STRICT_PROTOTYPES = YES;
				CLANG_WARN_SUSPICIOUS_MOVE = YES;
				CLANG_WARN_UNGUARDED_AVAILABILITY = YES_AGGRESSIVE;
				CLANG_WARN_UNREACHABLE_CODE = YES;
				CLANG_WARN__DUPLICATE_METHOD_MATCH = YES;
				CODE_SIGN_IDENTITY = "iPhone Developer";
				COPY_PHASE_STRIP = NO;
				DEBUG_INFORMATION_FORMAT = "dwarf-with-dsym";
				ENABLE_NS_ASSERTIONS = NO;
				ENABLE_STRICT_OBJC_MSGSEND = YES;
				GCC_C_LANGUAGE_STANDARD = gnu11;
				GCC_NO_COMMON_BLOCKS = YES;
				GCC_WARN_64_TO_32_BIT_CONVERSION = YES;
				GCC_WARN_ABOUT_RETURN_TYPE = YES_ERROR;
				GCC_WARN_UNDECLARED_SELECTOR = YES;
				GCC_WARN_UNINITIALIZED_AUTOS = YES_AGGRESSIVE;
				GCC_WARN_UNUSED_FUNCTION = YES;
				GCC_WARN_UNUSED_VARIABLE = YES;
				IPHONEOS_DEPLOYMENT_TARGET = 12.1;
				MTL_ENABLE_DEBUG_INFO = NO;
				MTL_FAST_MATH = YES;
				SDKROOT = iphoneos;
				SWIFT_COMPILATION_MODE = wholemodule;
				SWIFT_OPTIMIZATION_LEVEL = "-O";
				VALIDATE_PRODUCT = YES;
			};
			name = Release;
		};
		CF9E50CD21F6FE4C00F73BD4 /* Debug */ = {
			isa = XCBuildConfiguration;
			buildSettings = {
				ASSETCATALOG_COMPILER_APPICON_NAME = AppIcon;
				CODE_SIGN_STYLE = Automatic;
				DEVELOPMENT_TEAM = M2LHE433S9;
				INFOPLIST_FILE = NewYorkMagazineAPI/Info.plist;
				LD_RUNPATH_SEARCH_PATHS = (
					"$(inherited)",
					"@executable_path/Frameworks",
				);
				PRODUCT_BUNDLE_IDENTIFIER = com.sihanfang.NewYorkMagazineAPI;
				PRODUCT_NAME = "$(TARGET_NAME)";
				SWIFT_VERSION = 5.0;
				TARGETED_DEVICE_FAMILY = "1,2";
			};
			name = Debug;
		};
		CF9E50CE21F6FE4C00F73BD4 /* Release */ = {
			isa = XCBuildConfiguration;
			buildSettings = {
				ASSETCATALOG_COMPILER_APPICON_NAME = AppIcon;
				CODE_SIGN_STYLE = Automatic;
				DEVELOPMENT_TEAM = M2LHE433S9;
				INFOPLIST_FILE = NewYorkMagazineAPI/Info.plist;
				LD_RUNPATH_SEARCH_PATHS = (
					"$(inherited)",
					"@executable_path/Frameworks",
				);
				PRODUCT_BUNDLE_IDENTIFIER = com.sihanfang.NewYorkMagazineAPI;
				PRODUCT_NAME = "$(TARGET_NAME)";
				SWIFT_VERSION = 5.0;
				TARGETED_DEVICE_FAMILY = "1,2";
			};
			name = Release;
		};
/* End XCBuildConfiguration section */

/* Begin XCConfigurationList section */
		CF9E50B521F6FE3F00F73BD4 /* Build configuration list for PBXProject "NewYorkMagazineAPI" */ = {
			isa = XCConfigurationList;
			buildConfigurations = (
				CF9E50CA21F6FE4C00F73BD4 /* Debug */,
				CF9E50CB21F6FE4C00F73BD4 /* Release */,
			);
			defaultConfigurationIsVisible = 0;
			defaultConfigurationName = Release;
		};
		CF9E50CC21F6FE4C00F73BD4 /* Build configuration list for PBXNativeTarget "NewYorkMagazineAPI" */ = {
			isa = XCConfigurationList;
			buildConfigurations = (
				CF9E50CD21F6FE4C00F73BD4 /* Debug */,
				CF9E50CE21F6FE4C00F73BD4 /* Release */,
			);
			defaultConfigurationIsVisible = 0;
			defaultConfigurationName = Release;
		};
/* End XCConfigurationList section */

/* Begin XCVersionGroup section */
		CF33635422F858EF0076861E /* NewYorkMagazineAPI.xcdatamodeld */ = {
			isa = XCVersionGroup;
			children = (
				CF33635522F858EF0076861E /* NewYorkMagazineAPI.xcdatamodel */,
			);
			currentVersion = CF33635522F858EF0076861E /* NewYorkMagazineAPI.xcdatamodel */;
			path = NewYorkMagazineAPI.xcdatamodeld;
			sourceTree = "<group>";
			versionGroupType = wrapper.xcdatamodel;
		};
/* End XCVersionGroup section */
	};
	rootObject = CF9E50B221F6FE3F00F73BD4 /* Project object */;
}
